// !$*UTF8*$!
{
	archiveVersion = 1;
	classes = {
	};
	objectVersion = 55;
	objects = {

/* Begin PBXBuildFile section */
		31BB306273379C0ACFE385AB /* Pods_18Firebase.framework in Frameworks */ = {isa = PBXBuildFile; fileRef = 52A305BE7D0E14269C002E1F /* Pods_18Firebase.framework */; };
		5D82E99927F3829000ED9354 /* AppDelegate.swift in Sources */ = {isa = PBXBuildFile; fileRef = 5D82E99827F3829000ED9354 /* AppDelegate.swift */; };
		5D82E99B27F3829000ED9354 /* SceneDelegate.swift in Sources */ = {isa = PBXBuildFile; fileRef = 5D82E99A27F3829000ED9354 /* SceneDelegate.swift */; };
		5D82E99D27F3829000ED9354 /* ViewController.swift in Sources */ = {isa = PBXBuildFile; fileRef = 5D82E99C27F3829000ED9354 /* ViewController.swift */; };
		5D82E9A027F3829000ED9354 /* Main.storyboard in Resources */ = {isa = PBXBuildFile; fileRef = 5D82E99E27F3829000ED9354 /* Main.storyboard */; };
		5D82E9A227F3829300ED9354 /* Assets.xcassets in Resources */ = {isa = PBXBuildFile; fileRef = 5D82E9A127F3829300ED9354 /* Assets.xcassets */; };
		5D82E9A527F3829300ED9354 /* LaunchScreen.storyboard in Resources */ = {isa = PBXBuildFile; fileRef = 5D82E9A327F3829300ED9354 /* LaunchScreen.storyboard */; };
		5D82E9AD27F3875300ED9354 /* GoogleService-Info.plist in Resources */ = {isa = PBXBuildFile; fileRef = 5D82E9AC27F3875300ED9354 /* GoogleService-Info.plist */; };
		5D82E9B027F38C6E00ED9354 /* FirebaseAnalytics in Frameworks */ = {isa = PBXBuildFile; productRef = 5D82E9AF27F38C6E00ED9354 /* FirebaseAnalytics */; };
/* End PBXBuildFile section */

/* Begin PBXFileReference section */
		196369296606FEBB5B8B778C /* Pods-18Firebase.release.xcconfig */ = {isa = PBXFileReference; includeInIndex = 1; lastKnownFileType = text.xcconfig; name = "Pods-18Firebase.release.xcconfig"; path = "Target Support Files/Pods-18Firebase/Pods-18Firebase.release.xcconfig"; sourceTree = "<group>"; };
		52A305BE7D0E14269C002E1F /* Pods_18Firebase.framework */ = {isa = PBXFileReference; explicitFileType = wrapper.framework; includeInIndex = 0; path = Pods_18Firebase.framework; sourceTree = BUILT_PRODUCTS_DIR; };
		5D82E99527F3829000ED9354 /* 18Firebase.app */ = {isa = PBXFileReference; explicitFileType = wrapper.application; includeInIndex = 0; path = 18Firebase.app; sourceTree = BUILT_PRODUCTS_DIR; };
		5D82E99827F3829000ED9354 /* AppDelegate.swift */ = {isa = PBXFileReference; lastKnownFileType = sourcecode.swift; path = AppDelegate.swift; sourceTree = "<group>"; };
		5D82E99A27F3829000ED9354 /* SceneDelegate.swift */ = {isa = PBXFileReference; lastKnownFileType = sourcecode.swift; path = SceneDelegate.swift; sourceTree = "<group>"; };
		5D82E99C27F3829000ED9354 /* ViewController.swift */ = {isa = PBXFileReference; lastKnownFileType = sourcecode.swift; path = ViewController.swift; sourceTree = "<group>"; };
		5D82E99F27F3829000ED9354 /* Base */ = {isa = PBXFileReference; lastKnownFileType = file.storyboard; name = Base; path = Base.lproj/Main.storyboard; sourceTree = "<group>"; };
		5D82E9A127F3829300ED9354 /* Assets.xcassets */ = {isa = PBXFileReference; lastKnownFileType = folder.assetcatalog; path = Assets.xcassets; sourceTree = "<group>"; };
		5D82E9A427F3829300ED9354 /* Base */ = {isa = PBXFileReference; lastKnownFileType = file.storyboard; name = Base; path = Base.lproj/LaunchScreen.storyboard; sourceTree = "<group>"; };
		5D82E9A627F3829300ED9354 /* Info.plist */ = {isa = PBXFileReference; lastKnownFileType = text.plist.xml; path = Info.plist; sourceTree = "<group>"; };
		5D82E9AC27F3875300ED9354 /* GoogleService-Info.plist */ = {isa = PBXFileReference; fileEncoding = 4; lastKnownFileType = text.plist.xml; path = "GoogleService-Info.plist"; sourceTree = "<group>"; };
		CA1FD2D1ECEEC73B40E8E0E1 /* Pods-18Firebase.debug.xcconfig */ = {isa = PBXFileReference; includeInIndex = 1; lastKnownFileType = text.xcconfig; name = "Pods-18Firebase.debug.xcconfig"; path = "Target Support Files/Pods-18Firebase/Pods-18Firebase.debug.xcconfig"; sourceTree = "<group>"; };
/* End PBXFileReference section */

/* Begin PBXFrameworksBuildPhase section */
		5D82E99227F3829000ED9354 /* Frameworks */ = {
			isa = PBXFrameworksBuildPhase;
			buildActionMask = 2147483647;
			files = (
				5D82E9B027F38C6E00ED9354 /* FirebaseAnalytics in Frameworks */,
				31BB306273379C0ACFE385AB /* Pods_18Firebase.framework in Frameworks */,
			);
			runOnlyForDeploymentPostprocessing = 0;
		};
/* End PBXFrameworksBuildPhase section */

/* Begin PBXGroup section */
		333B71ACD27C62BE8F5FB532 /* Pods */ = {
			isa = PBXGroup;
			children = (
				CA1FD2D1ECEEC73B40E8E0E1 /* Pods-18Firebase.debug.xcconfig */,
				196369296606FEBB5B8B778C /* Pods-18Firebase.release.xcconfig */,
			);
			path = Pods;
			sourceTree = "<group>";
		};
		5D82E98C27F3829000ED9354 = {
			isa = PBXGroup;
			children = (
				5D82E99727F3829000ED9354 /* 18Firebase */,
				5D82E99627F3829000ED9354 /* Products */,
				333B71ACD27C62BE8F5FB532 /* Pods */,
				AEB6D023DE896A1290E69DDE /* Frameworks */,
			);
			sourceTree = "<group>";
		};
		5D82E99627F3829000ED9354 /* Products */ = {
			isa = PBXGroup;
			children = (
				5D82E99527F3829000ED9354 /* 18Firebase.app */,
			);
			name = Products;
			sourceTree = "<group>";
		};
		5D82E99727F3829000ED9354 /* 18Firebase */ = {
			isa = PBXGroup;
			children = (
				5D82E99827F3829000ED9354 /* AppDelegate.swift */,
				5D82E99A27F3829000ED9354 /* SceneDelegate.swift */,
				5D82E99C27F3829000ED9354 /* ViewController.swift */,
				5D82E99E27F3829000ED9354 /* Main.storyboard */,
				5D82E9A127F3829300ED9354 /* Assets.xcassets */,
				5D82E9A327F3829300ED9354 /* LaunchScreen.storyboard */,
				5D82E9A627F3829300ED9354 /* Info.plist */,
				5D82E9AC27F3875300ED9354 /* GoogleService-Info.plist */,
			);
			path = 18Firebase;
			sourceTree = "<group>";
		};
		AEB6D023DE896A1290E69DDE /* Frameworks */ = {
			isa = PBXGroup;
			children = (
				52A305BE7D0E14269C002E1F /* Pods_18Firebase.framework */,
			);
			name = Frameworks;
			sourceTree = "<group>";
		};
/* End PBXGroup section */

/* Begin PBXNativeTarget section */
		5D82E99427F3829000ED9354 /* 18Firebase */ = {
			isa = PBXNativeTarget;
			buildConfigurationList = 5D82E9A927F3829300ED9354 /* Build configuration list for PBXNativeTarget "18Firebase" */;
			buildPhases = (
				7071E84597B91BC05BBB8C9D /* [CP] Check Pods Manifest.lock */,
				5D82E99127F3829000ED9354 /* Sources */,
				5D82E99227F3829000ED9354 /* Frameworks */,
				5D82E99327F3829000ED9354 /* Resources */,
				CBC9BFDED80472FDFFD9C6D2 /* [CP] Embed Pods Frameworks */,
			);
			buildRules = (
			);
			dependencies = (
			);
			name = 18Firebase;
			packageProductDependencies = (
				5D82E9AF27F38C6E00ED9354 /* FirebaseAnalytics */,
			);
			productName = 18Firebase;
			productReference = 5D82E99527F3829000ED9354 /* 18Firebase.app */;
			productType = "com.apple.product-type.application";
		};
/* End PBXNativeTarget section */

/* Begin PBXProject section */
		5D82E98D27F3829000ED9354 /* Project object */ = {
			isa = PBXProject;
			attributes = {
				BuildIndependentTargetsInParallel = 1;
				LastSwiftUpdateCheck = 1320;
				LastUpgradeCheck = 1320;
				TargetAttributes = {
					5D82E99427F3829000ED9354 = {
						CreatedOnToolsVersion = 13.2.1;
					};
				};
			};
			buildConfigurationList = 5D82E99027F3829000ED9354 /* Build configuration list for PBXProject "18Firebase" */;
			compatibilityVersion = "Xcode 13.0";
			developmentRegion = en;
			hasScannedForEncodings = 0;
			knownRegions = (
				en,
				Base,
			);
			mainGroup = 5D82E98C27F3829000ED9354;
			packageReferences = (
				5D82E9AE27F38C6E00ED9354 /* XCRemoteSwiftPackageReference "firebase-ios-sdk" */,
			);
			productRefGroup = 5D82E99627F3829000ED9354 /* Products */;
			projectDirPath = "";
			projectRoot = "";
			targets = (
				5D82E99427F3829000ED9354 /* 18Firebase */,
			);
		};
/* End PBXProject section */

/* Begin PBXResourcesBuildPhase section */
		5D82E99327F3829000ED9354 /* Resources */ = {
			isa = PBXResourcesBuildPhase;
			buildActionMask = 2147483647;
			files = (
				5D82E9A527F3829300ED9354 /* LaunchScreen.storyboard in Resources */,
				5D82E9AD27F3875300ED9354 /* GoogleService-Info.plist in Resources */,
				5D82E9A227F3829300ED9354 /* Assets.xcassets in Resources */,
				5D82E9A027F3829000ED9354 /* Main.storyboard in Resources */,
			);
			runOnlyForDeploymentPostprocessing = 0;
		};
/* End PBXResourcesBuildPhase section */

/* Begin PBXShellScriptBuildPhase section */
		7071E84597B91BC05BBB8C9D /* [CP] Check Pods Manifest.lock */ = {
			isa = PBXShellScriptBuildPhase;
			buildActionMask = 2147483647;
			files = (
			);
			inputFileListPaths = (
			);
			inputPaths = (
				"${PODS_PODFILE_DIR_PATH}/Podfile.lock",
				"${PODS_ROOT}/Manifest.lock",
			);
			name = "[CP] Check Pods Manifest.lock";
			outputFileListPaths = (
			);
			outputPaths = (
				"$(DERIVED_FILE_DIR)/Pods-18Firebase-checkManifestLockResult.txt",
			);
			runOnlyForDeploymentPostprocessing = 0;
			shellPath = /bin/sh;
			shellScript = "diff \"${PODS_PODFILE_DIR_PATH}/Podfile.lock\" \"${PODS_ROOT}/Manifest.lock\" > /dev/null\nif [ $? != 0 ] ; then\n    # print error to STDERR\n    echo \"error: The sandbox is not in sync with the Podfile.lock. Run 'pod install' or update your CocoaPods installation.\" >&2\n    exit 1\nfi\n# This output is used by Xcode 'outputs' to avoid re-running this script phase.\necho \"SUCCESS\" > \"${SCRIPT_OUTPUT_FILE_0}\"\n";
			showEnvVarsInLog = 0;
		};
		CBC9BFDED80472FDFFD9C6D2 /* [CP] Embed Pods Frameworks */ = {
			isa = PBXShellScriptBuildPhase;
			buildActionMask = 2147483647;
			files = (
			);
			inputFileListPaths = (
				"${PODS_ROOT}/Target Support Files/Pods-18Firebase/Pods-18Firebase-frameworks-${CONFIGURATION}-input-files.xcfilelist",
			);
			name = "[CP] Embed Pods Frameworks";
			outputFileListPaths = (
				"${PODS_ROOT}/Target Support Files/Pods-18Firebase/Pods-18Firebase-frameworks-${CONFIGURATION}-output-files.xcfilelist",
			);
			runOnlyForDeploymentPostprocessing = 0;
			shellPath = /bin/sh;
			shellScript = "\"${PODS_ROOT}/Target Support Files/Pods-18Firebase/Pods-18Firebase-frameworks.sh\"\n";
			showEnvVarsInLog = 0;
		};
/* End PBXShellScriptBuildPhase section */

/* Begin PBXSourcesBuildPhase section */
		5D82E99127F3829000ED9354 /* Sources */ = {
			isa = PBXSourcesBuildPhase;
			buildActionMask = 2147483647;
			files = (
				5D82E99D27F3829000ED9354 /* ViewController.swift in Sources */,
				5D82E99927F3829000ED9354 /* AppDelegate.swift in Sources */,
				5D82E99B27F3829000ED9354 /* SceneDelegate.swift in Sources */,
			);
			runOnlyForDeploymentPostprocessing = 0;
		};
/* End PBXSourcesBuildPhase section */

/* Begin PBXVariantGroup section */
		5D82E99E27F3829000ED9354 /* Main.storyboard */ = {
			isa = PBXVariantGroup;
			children = (
				5D82E99F27F3829000ED9354 /* Base */,
			);
			name = Main.storyboard;
			sourceTree = "<group>";
		};
		5D82E9A327F3829300ED9354 /* LaunchScreen.storyboard */ = {
			isa = PBXVariantGroup;
			children = (
				5D82E9A427F3829300ED9354 /* Base */,
			);
			name = LaunchScreen.storyboard;
			sourceTree = "<group>";
		};
/* End PBXVariantGroup section */

/* Begin XCBuildConfiguration section */
		5D82E9A727F3829300ED9354 /* Debug */ = {
			isa = XCBuildConfiguration;
			buildSettings = {
				ALWAYS_SEARCH_USER_PATHS = NO;
				CLANG_ANALYZER_NONNULL = YES;
				CLANG_ANALYZER_NUMBER_OBJECT_CONVERSION = YES_AGGRESSIVE;
				CLANG_CXX_LANGUAGE_STANDARD = "gnu++17";
				CLANG_CXX_LIBRARY = "libc++";
				CLANG_ENABLE_MODULES = YES;
				CLANG_ENABLE_OBJC_ARC = YES;
				CLANG_ENABLE_OBJC_WEAK = YES;
				CLANG_WARN_BLOCK_CAPTURE_AUTORELEASING = YES;
				CLANG_WARN_BOOL_CONVERSION = YES;
				CLANG_WARN_COMMA = YES;
				CLANG_WARN_CONSTANT_CONVERSION = YES;
				CLANG_WARN_DEPRECATED_OBJC_IMPLEMENTATIONS = YES;
				CLANG_WARN_DIRECT_OBJC_ISA_USAGE = YES_ERROR;
				CLANG_WARN_DOCUMENTATION_COMMENTS = YES;
				CLANG_WARN_EMPTY_BODY = YES;
				CLANG_WARN_ENUM_CONVERSION = YES;
				CLANG_WARN_INFINITE_RECURSION = YES;
				CLANG_WARN_INT_CONVERSION = YES;
				CLANG_WARN_NON_LITERAL_NULL_CONVERSION = YES;
				CLANG_WARN_OBJC_IMPLICIT_RETAIN_SELF = YES;
				CLANG_WARN_OBJC_LITERAL_CONVERSION = YES;
				CLANG_WARN_OBJC_ROOT_CLASS = YES_ERROR;
				CLANG_WARN_QUOTED_INCLUDE_IN_FRAMEWORK_HEADER = YES;
				CLANG_WARN_RANGE_LOOP_ANALYSIS = YES;
				CLANG_WARN_STRICT_PROTOTYPES = YES;
				CLANG_WARN_SUSPICIOUS_MOVE = YES;
				CLANG_WARN_UNGUARDED_AVAILABILITY = YES_AGGRESSIVE;
				CLANG_WARN_UNREACHABLE_CODE = YES;
				CLANG_WARN__DUPLICATE_METHOD_MATCH = YES;
				COPY_PHASE_STRIP = NO;
				DEBUG_INFORMATION_FORMAT = dwarf;
				ENABLE_STRICT_OBJC_MSGSEND = YES;
				ENABLE_TESTABILITY = YES;
				GCC_C_LANGUAGE_STANDARD = gnu11;
				GCC_DYNAMIC_NO_PIC = NO;
				GCC_NO_COMMON_BLOCKS = YES;
				GCC_OPTIMIZATION_LEVEL = 0;
				GCC_PREPROCESSOR_DEFINITIONS = (
					"DEBUG=1",
					"$(inherited)",
				);
				GCC_WARN_64_TO_32_BIT_CONVERSION = YES;
				GCC_WARN_ABOUT_RETURN_TYPE = YES_ERROR;
				GCC_WARN_UNDECLARED_SELECTOR = YES;
				GCC_WARN_UNINITIALIZED_AUTOS = YES_AGGRESSIVE;
				GCC_WARN_UNUSED_FUNCTION = YES;
				GCC_WARN_UNUSED_VARIABLE = YES;
				IPHONEOS_DEPLOYMENT_TARGET = 15.2;
				MTL_ENABLE_DEBUG_INFO = INCLUDE_SOURCE;
				MTL_FAST_MATH = YES;
				ONLY_ACTIVE_ARCH = YES;
				SDKROOT = iphoneos;
				SWIFT_ACTIVE_COMPILATION_CONDITIONS = DEBUG;
				SWIFT_OPTIMIZATION_LEVEL = "-Onone";
			};
			name = Debug;
		};
		5D82E9A827F3829300ED9354 /* Release */ = {
			isa = XCBuildConfiguration;
			buildSettings = {
				ALWAYS_SEARCH_USER_PATHS = NO;
				CLANG_ANALYZER_NONNULL = YES;
				CLANG_ANALYZER_NUMBER_OBJECT_CONVERSION = YES_AGGRESSIVE;
				CLANG_CXX_LANGUAGE_STANDARD = "gnu++17";
				CLANG_CXX_LIBRARY = "libc++";
				CLANG_ENABLE_MODULES = YES;
				CLANG_ENABLE_OBJC_ARC = YES;
				CLANG_ENABLE_OBJC_WEAK = YES;
				CLANG_WARN_BLOCK_CAPTURE_AUTORELEASING = YES;
				CLANG_WARN_BOOL_CONVERSION = YES;
				CLANG_WARN_COMMA = YES;
				CLANG_WARN_CONSTANT_CONVERSION = YES;
				CLANG_WARN_DEPRECATED_OBJC_IMPLEMENTATIONS = YES;
				CLANG_WARN_DIRECT_OBJC_ISA_USAGE = YES_ERROR;
				CLANG_WARN_DOCUMENTATION_COMMENTS = YES;
				CLANG_WARN_EMPTY_BODY = YES;
				CLANG_WARN_ENUM_CONVERSION = YES;
				CLANG_WARN_INFINITE_RECURSION = YES;
				CLANG_WARN_INT_CONVERSION = YES;
				CLANG_WARN_NON_LITERAL_NULL_CONVERSION = YES;
				CLANG_WARN_OBJC_IMPLICIT_RETAIN_SELF = YES;
				CLANG_WARN_OBJC_LITERAL_CONVERSION = YES;
				CLANG_WARN_OBJC_ROOT_CLASS = YES_ERROR;
				CLANG_WARN_QUOTED_INCLUDE_IN_FRAMEWORK_HEADER = YES;
				CLANG_WARN_RANGE_LOOP_ANALYSIS = YES;
				CLANG_WARN_STRICT_PROTOTYPES = YES;
				CLANG_WARN_SUSPICIOUS_MOVE = YES;
				CLANG_WARN_UNGUARDED_AVAILABILITY = YES_AGGRESSIVE;
				CLANG_WARN_UNREACHABLE_CODE = YES;
				CLANG_WARN__DUPLICATE_METHOD_MATCH = YES;
				COPY_PHASE_STRIP = NO;
				DEBUG_INFORMATION_FORMAT = "dwarf-with-dsym";
				ENABLE_NS_ASSERTIONS = NO;
				ENABLE_STRICT_OBJC_MSGSEND = YES;
				GCC_C_LANGUAGE_STANDARD = gnu11;
				GCC_NO_COMMON_BLOCKS = YES;
				GCC_WARN_64_TO_32_BIT_CONVERSION = YES;
				GCC_WARN_ABOUT_RETURN_TYPE = YES_ERROR;
				GCC_WARN_UNDECLARED_SELECTOR = YES;
				GCC_WARN_UNINITIALIZED_AUTOS = YES_AGGRESSIVE;
				GCC_WARN_UNUSED_FUNCTION = YES;
				GCC_WARN_UNUSED_VARIABLE = YES;
				IPHONEOS_DEPLOYMENT_TARGET = 15.2;
				MTL_ENABLE_DEBUG_INFO = NO;
				MTL_FAST_MATH = YES;
				SDKROOT = iphoneos;
				SWIFT_COMPILATION_MODE = wholemodule;
				SWIFT_OPTIMIZATION_LEVEL = "-O";
				VALIDATE_PRODUCT = YES;
			};
			name = Release;
		};
		5D82E9AA27F3829300ED9354 /* Debug */ = {
			isa = XCBuildConfiguration;
			baseConfigurationReference = CA1FD2D1ECEEC73B40E8E0E1 /* Pods-18Firebase.debug.xcconfig */;
			buildSettings = {
				ASSETCATALOG_COMPILER_APPICON_NAME = AppIcon;
				ASSETCATALOG_COMPILER_GLOBAL_ACCENT_COLOR_NAME = AccentColor;
				CODE_SIGN_STYLE = Automatic;
				CURRENT_PROJECT_VERSION = 1;
				GENERATE_INFOPLIST_FILE = YES;
				INFOPLIST_FILE = 18Firebase/Info.plist;
				INFOPLIST_KEY_UIApplicationSupportsIndirectInputEvents = YES;
				INFOPLIST_KEY_UILaunchStoryboardName = LaunchScreen;
				INFOPLIST_KEY_UIMainStoryboardFile = Main;
				INFOPLIST_KEY_UISupportedInterfaceOrientations_iPad = "UIInterfaceOrientationPortrait UIInterfaceOrientationPortraitUpsideDown UIInterfaceOrientationLandscapeLeft UIInterfaceOrientationLandscapeRight";
				INFOPLIST_KEY_UISupportedInterfaceOrientations_iPhone = "UIInterfaceOrientationPortrait UIInterfaceOrientationLandscapeLeft UIInterfaceOrientationLandscapeRight";
				LD_RUNPATH_SEARCH_PATHS = (
					"$(inherited)",
					"@executable_path/Frameworks",
				);
				MARKETING_VERSION = 1.0;
				PRODUCT_BUNDLE_IDENTIFIER = "com.study.-8Firebase";
				PRODUCT_NAME = "$(TARGET_NAME)";
				SWIFT_EMIT_LOC_STRINGS = YES;
				SWIFT_VERSION = 5.0;
				TARGETED_DEVICE_FAMILY = "1,2";
			};
			name = Debug;
		};
		5D82E9AB27F3829300ED9354 /* Release */ = {
			isa = XCBuildConfiguration;
			baseConfigurationReference = 196369296606FEBB5B8B778C /* Pods-18Firebase.release.xcconfig */;
			buildSettings = {
				ASSETCATALOG_COMPILER_APPICON_NAME = AppIcon;
				ASSETCATALOG_COMPILER_GLOBAL_ACCENT_COLOR_NAME = AccentColor;
				CODE_SIGN_STYLE = Automatic;
				CURRENT_PROJECT_VERSION = 1;
				GENERATE_INFOPLIST_FILE = YES;
				INFOPLIST_FILE = 18Firebase/Info.plist;
				INFOPLIST_KEY_UIApplicationSupportsIndirectInputEvents = YES;
				INFOPLIST_KEY_UILaunchStoryboardName = LaunchScreen;
				INFOPLIST_KEY_UIMainStoryboardFile = Main;
				INFOPLIST_KEY_UISupportedInterfaceOrientations_iPad = "UIInterfaceOrientationPortrait UIInterfaceOrientationPortraitUpsideDown UIInterfaceOrientationLandscapeLeft UIInterfaceOrientationLandscapeRight";
				INFOPLIST_KEY_UISupportedInterfaceOrientations_iPhone = "UIInterfaceOrientationPortrait UIInterfaceOrientationLandscapeLeft UIInterfaceOrientationLandscapeRight";
				LD_RUNPATH_SEARCH_PATHS = (
					"$(inherited)",
					"@executable_path/Frameworks",
				);
				MARKETING_VERSION = 1.0;
				PRODUCT_BUNDLE_IDENTIFIER = "com.study.-8Firebase";
				PRODUCT_NAME = "$(TARGET_NAME)";
				SWIFT_EMIT_LOC_STRINGS = YES;
				SWIFT_VERSION = 5.0;
				TARGETED_DEVICE_FAMILY = "1,2";
			};
			name = Release;
		};
/* End XCBuildConfiguration section */

/* Begin XCConfigurationList section */
		5D82E99027F3829000ED9354 /* Build configuration list for PBXProject "18Firebase" */ = {
			isa = XCConfigurationList;
			buildConfigurations = (
				5D82E9A727F3829300ED9354 /* Debug */,
				5D82E9A827F3829300ED9354 /* Release */,
			);
			defaultConfigurationIsVisible = 0;
			defaultConfigurationName = Release;
		};
		5D82E9A927F3829300ED9354 /* Build configuration list for PBXNativeTarget "18Firebase" */ = {
			isa = XCConfigurationList;
			buildConfigurations = (
				5D82E9AA27F3829300ED9354 /* Debug */,
				5D82E9AB27F3829300ED9354 /* Release */,
			);
			defaultConfigurationIsVisible = 0;
			defaultConfigurationName = Release;
		};
/* End XCConfigurationList section */

/* Begin XCRemoteSwiftPackageReference section */
		5D82E9AE27F38C6E00ED9354 /* XCRemoteSwiftPackageReference "firebase-ios-sdk" */ = {
			isa = XCRemoteSwiftPackageReference;
			repositoryURL = "https://github.com/firebase/firebase-ios-sdk";
			requirement = {
				kind = upToNextMajorVersion;
				minimumVersion = 8.0.0;
			};
		};
/* End XCRemoteSwiftPackageReference section */

/* Begin XCSwiftPackageProductDependency section */
		5D82E9AF27F38C6E00ED9354 /* FirebaseAnalytics */ = {
			isa = XCSwiftPackageProductDependency;
			package = 5D82E9AE27F38C6E00ED9354 /* XCRemoteSwiftPackageReference "firebase-ios-sdk" */;
			productName = FirebaseAnalytics;
		};
/* End XCSwiftPackageProductDependency section */
	};
	rootObject = 5D82E98D27F3829000ED9354 /* Project object */;
}
