// !$*UTF8*$!
{
	archiveVersion = 1;
	classes = {
	};
	objectVersion = 55;
	objects = {

/* Begin PBXBuildFile section */
		5DBFE9F627D3A79C00A96416 /* AppDelegate.swift in Sources */ = {isa = PBXBuildFile; fileRef = 5DBFE9F527D3A79C00A96416 /* AppDelegate.swift */; };
		5DBFE9F827D3A79C00A96416 /* SceneDelegate.swift in Sources */ = {isa = PBXBuildFile; fileRef = 5DBFE9F727D3A79C00A96416 /* SceneDelegate.swift */; };
		5DBFE9FA27D3A79C00A96416 /* ViewController.swift in Sources */ = {isa = PBXBuildFile; fileRef = 5DBFE9F927D3A79C00A96416 /* ViewController.swift */; };
		5DBFE9FD27D3A79C00A96416 /* Main.storyboard in Resources */ = {isa = PBXBuildFile; fileRef = 5DBFE9FB27D3A79C00A96416 /* Main.storyboard */; };
		5DBFE9FF27D3A7A100A96416 /* Assets.xcassets in Resources */ = {isa = PBXBuildFile; fileRef = 5DBFE9FE27D3A7A100A96416 /* Assets.xcassets */; };
		5DBFEA0227D3A7A100A96416 /* LaunchScreen.storyboard in Resources */ = {isa = PBXBuildFile; fileRef = 5DBFEA0027D3A7A100A96416 /* LaunchScreen.storyboard */; };
		CDA3738843759C9A1E1459B7 /* Pods_MyAlamofireJson.framework in Frameworks */ = {isa = PBXBuildFile; fileRef = 32263EAD100DCDABE4FEE8E8 /* Pods_MyAlamofireJson.framework */; };
/* End PBXBuildFile section */

/* Begin PBXFileReference section */
		0DE919C6E3D36E269F375D3E /* Pods-MyAlamofireJson.debug.xcconfig */ = {isa = PBXFileReference; includeInIndex = 1; lastKnownFileType = text.xcconfig; name = "Pods-MyAlamofireJson.debug.xcconfig"; path = "Target Support Files/Pods-MyAlamofireJson/Pods-MyAlamofireJson.debug.xcconfig"; sourceTree = "<group>"; };
		32263EAD100DCDABE4FEE8E8 /* Pods_MyAlamofireJson.framework */ = {isa = PBXFileReference; explicitFileType = wrapper.framework; includeInIndex = 0; path = Pods_MyAlamofireJson.framework; sourceTree = BUILT_PRODUCTS_DIR; };
		5DBFE9F227D3A79C00A96416 /* MyAlamofireJson.app */ = {isa = PBXFileReference; explicitFileType = wrapper.application; includeInIndex = 0; path = MyAlamofireJson.app; sourceTree = BUILT_PRODUCTS_DIR; };
		5DBFE9F527D3A79C00A96416 /* AppDelegate.swift */ = {isa = PBXFileReference; lastKnownFileType = sourcecode.swift; path = AppDelegate.swift; sourceTree = "<group>"; };
		5DBFE9F727D3A79C00A96416 /* SceneDelegate.swift */ = {isa = PBXFileReference; lastKnownFileType = sourcecode.swift; path = SceneDelegate.swift; sourceTree = "<group>"; };
		5DBFE9F927D3A79C00A96416 /* ViewController.swift */ = {isa = PBXFileReference; lastKnownFileType = sourcecode.swift; path = ViewController.swift; sourceTree = "<group>"; };
		5DBFE9FC27D3A79C00A96416 /* Base */ = {isa = PBXFileReference; lastKnownFileType = file.storyboard; name = Base; path = Base.lproj/Main.storyboard; sourceTree = "<group>"; };
		5DBFE9FE27D3A7A100A96416 /* Assets.xcassets */ = {isa = PBXFileReference; lastKnownFileType = folder.assetcatalog; path = Assets.xcassets; sourceTree = "<group>"; };
		5DBFEA0127D3A7A100A96416 /* Base */ = {isa = PBXFileReference; lastKnownFileType = file.storyboard; name = Base; path = Base.lproj/LaunchScreen.storyboard; sourceTree = "<group>"; };
		5DBFEA0327D3A7A100A96416 /* Info.plist */ = {isa = PBXFileReference; lastKnownFileType = text.plist.xml; path = Info.plist; sourceTree = "<group>"; };
		E66D8CCDC96C4563A5993DA9 /* Pods-MyAlamofireJson.release.xcconfig */ = {isa = PBXFileReference; includeInIndex = 1; lastKnownFileType = text.xcconfig; name = "Pods-MyAlamofireJson.release.xcconfig"; path = "Target Support Files/Pods-MyAlamofireJson/Pods-MyAlamofireJson.release.xcconfig"; sourceTree = "<group>"; };
/* End PBXFileReference section */

/* Begin PBXFrameworksBuildPhase section */
		5DBFE9EF27D3A79C00A96416 /* Frameworks */ = {
			isa = PBXFrameworksBuildPhase;
			buildActionMask = 2147483647;
			files = (
				CDA3738843759C9A1E1459B7 /* Pods_MyAlamofireJson.framework in Frameworks */,
			);
			runOnlyForDeploymentPostprocessing = 0;
		};
/* End PBXFrameworksBuildPhase section */

/* Begin PBXGroup section */
		5DBFE9E927D3A79C00A96416 = {
			isa = PBXGroup;
			children = (
				5DBFE9F427D3A79C00A96416 /* MyAlamofireJson */,
				5DBFE9F327D3A79C00A96416 /* Products */,
				6A795107F6A74E16E1A1F798 /* Pods */,
				5E5E6B38EE32449E12B9C79A /* Frameworks */,
			);
			sourceTree = "<group>";
		};
		5DBFE9F327D3A79C00A96416 /* Products */ = {
			isa = PBXGroup;
			children = (
				5DBFE9F227D3A79C00A96416 /* MyAlamofireJson.app */,
			);
			name = Products;
			sourceTree = "<group>";
		};
		5DBFE9F427D3A79C00A96416 /* MyAlamofireJson */ = {
			isa = PBXGroup;
			children = (
				5DBFE9F527D3A79C00A96416 /* AppDelegate.swift */,
				5DBFE9F727D3A79C00A96416 /* SceneDelegate.swift */,
				5DBFE9F927D3A79C00A96416 /* ViewController.swift */,
				5DBFE9FB27D3A79C00A96416 /* Main.storyboard */,
				5DBFE9FE27D3A7A100A96416 /* Assets.xcassets */,
				5DBFEA0027D3A7A100A96416 /* LaunchScreen.storyboard */,
				5DBFEA0327D3A7A100A96416 /* Info.plist */,
			);
			path = MyAlamofireJson;
			sourceTree = "<group>";
		};
		5E5E6B38EE32449E12B9C79A /* Frameworks */ = {
			isa = PBXGroup;
			children = (
				32263EAD100DCDABE4FEE8E8 /* Pods_MyAlamofireJson.framework */,
			);
			name = Frameworks;
			sourceTree = "<group>";
		};
		6A795107F6A74E16E1A1F798 /* Pods */ = {
			isa = PBXGroup;
			children = (
				0DE919C6E3D36E269F375D3E /* Pods-MyAlamofireJson.debug.xcconfig */,
				E66D8CCDC96C4563A5993DA9 /* Pods-MyAlamofireJson.release.xcconfig */,
			);
			name = Pods;
			path = Pods;
			sourceTree = "<group>";
		};
/* End PBXGroup section */

/* Begin PBXNativeTarget section */
		5DBFE9F127D3A79C00A96416 /* MyAlamofireJson */ = {
			isa = PBXNativeTarget;
			buildConfigurationList = 5DBFEA0627D3A7A100A96416 /* Build configuration list for PBXNativeTarget "MyAlamofireJson" */;
			buildPhases = (
				E80C84212E0547CA74482A43 /* [CP] Check Pods Manifest.lock */,
				5DBFE9EE27D3A79C00A96416 /* Sources */,
				5DBFE9EF27D3A79C00A96416 /* Frameworks */,
				5DBFE9F027D3A79C00A96416 /* Resources */,
				1DD149121B2C3DCD9887E580 /* [CP] Embed Pods Frameworks */,
			);
			buildRules = (
			);
			dependencies = (
			);
			name = MyAlamofireJson;
			productName = MyAlamofireJson;
			productReference = 5DBFE9F227D3A79C00A96416 /* MyAlamofireJson.app */;
			productType = "com.apple.product-type.application";
		};
/* End PBXNativeTarget section */

/* Begin PBXProject section */
		5DBFE9EA27D3A79C00A96416 /* Project object */ = {
			isa = PBXProject;
			attributes = {
				BuildIndependentTargetsInParallel = 1;
				LastSwiftUpdateCheck = 1320;
				LastUpgradeCheck = 1320;
				TargetAttributes = {
					5DBFE9F127D3A79C00A96416 = {
						CreatedOnToolsVersion = 13.2.1;
					};
				};
			};
			buildConfigurationList = 5DBFE9ED27D3A79C00A96416 /* Build configuration list for PBXProject "MyAlamofireJson" */;
			compatibilityVersion = "Xcode 13.0";
			developmentRegion = en;
			hasScannedForEncodings = 0;
			knownRegions = (
				en,
				Base,
			);
			mainGroup = 5DBFE9E927D3A79C00A96416;
			productRefGroup = 5DBFE9F327D3A79C00A96416 /* Products */;
			projectDirPath = "";
			projectRoot = "";
			targets = (
				5DBFE9F127D3A79C00A96416 /* MyAlamofireJson */,
			);
		};
/* End PBXProject section */

/* Begin PBXResourcesBuildPhase section */
		5DBFE9F027D3A79C00A96416 /* Resources */ = {
			isa = PBXResourcesBuildPhase;
			buildActionMask = 2147483647;
			files = (
				5DBFEA0227D3A7A100A96416 /* LaunchScreen.storyboard in Resources */,
				5DBFE9FF27D3A7A100A96416 /* Assets.xcassets in Resources */,
				5DBFE9FD27D3A79C00A96416 /* Main.storyboard in Resources */,
			);
			runOnlyForDeploymentPostprocessing = 0;
		};
/* End PBXResourcesBuildPhase section */

/* Begin PBXShellScriptBuildPhase section */
		1DD149121B2C3DCD9887E580 /* [CP] Embed Pods Frameworks */ = {
			isa = PBXShellScriptBuildPhase;
			buildActionMask = 2147483647;
			files = (
			);
			inputFileListPaths = (
				"${PODS_ROOT}/Target Support Files/Pods-MyAlamofireJson/Pods-MyAlamofireJson-frameworks-${CONFIGURATION}-input-files.xcfilelist",
			);
			name = "[CP] Embed Pods Frameworks";
			outputFileListPaths = (
				"${PODS_ROOT}/Target Support Files/Pods-MyAlamofireJson/Pods-MyAlamofireJson-frameworks-${CONFIGURATION}-output-files.xcfilelist",
			);
			runOnlyForDeploymentPostprocessing = 0;
			shellPath = /bin/sh;
			shellScript = "\"${PODS_ROOT}/Target Support Files/Pods-MyAlamofireJson/Pods-MyAlamofireJson-frameworks.sh\"\n";
			showEnvVarsInLog = 0;
		};
		E80C84212E0547CA74482A43 /* [CP] Check Pods Manifest.lock */ = {
			isa = PBXShellScriptBuildPhase;
			buildActionMask = 2147483647;
			files = (
			);
			inputFileListPaths = (
			);
			inputPaths = (
				"${PODS_PODFILE_DIR_PATH}/Podfile.lock",
				"${PODS_ROOT}/Manifest.lock",
			);
			name = "[CP] Check Pods Manifest.lock";
			outputFileListPaths = (
			);
			outputPaths = (
				"$(DERIVED_FILE_DIR)/Pods-MyAlamofireJson-checkManifestLockResult.txt",
			);
			runOnlyForDeploymentPostprocessing = 0;
			shellPath = /bin/sh;
			shellScript = "diff \"${PODS_PODFILE_DIR_PATH}/Podfile.lock\" \"${PODS_ROOT}/Manifest.lock\" > /dev/null\nif [ $? != 0 ] ; then\n    # print error to STDERR\n    echo \"error: The sandbox is not in sync with the Podfile.lock. Run 'pod install' or update your CocoaPods installation.\" >&2\n    exit 1\nfi\n# This output is used by Xcode 'outputs' to avoid re-running this script phase.\necho \"SUCCESS\" > \"${SCRIPT_OUTPUT_FILE_0}\"\n";
			showEnvVarsInLog = 0;
		};
/* End PBXShellScriptBuildPhase section */

/* Begin PBXSourcesBuildPhase section */
		5DBFE9EE27D3A79C00A96416 /* Sources */ = {
			isa = PBXSourcesBuildPhase;
			buildActionMask = 2147483647;
			files = (
				5DBFE9FA27D3A79C00A96416 /* ViewController.swift in Sources */,
				5DBFE9F627D3A79C00A96416 /* AppDelegate.swift in Sources */,
				5DBFE9F827D3A79C00A96416 /* SceneDelegate.swift in Sources */,
			);
			runOnlyForDeploymentPostprocessing = 0;
		};
/* End PBXSourcesBuildPhase section */

/* Begin PBXVariantGroup section */
		5DBFE9FB27D3A79C00A96416 /* Main.storyboard */ = {
			isa = PBXVariantGroup;
			children = (
				5DBFE9FC27D3A79C00A96416 /* Base */,
			);
			name = Main.storyboard;
			sourceTree = "<group>";
		};
		5DBFEA0027D3A7A100A96416 /* LaunchScreen.storyboard */ = {
			isa = PBXVariantGroup;
			children = (
				5DBFEA0127D3A7A100A96416 /* Base */,
			);
			name = LaunchScreen.storyboard;
			sourceTree = "<group>";
		};
/* End PBXVariantGroup section */

/* Begin XCBuildConfiguration section */
		5DBFEA0427D3A7A100A96416 /* Debug */ = {
			isa = XCBuildConfiguration;
			buildSettings = {
				ALWAYS_SEARCH_USER_PATHS = NO;
				CLANG_ANALYZER_NONNULL = YES;
				CLANG_ANALYZER_NUMBER_OBJECT_CONVERSION = YES_AGGRESSIVE;
				CLANG_CXX_LANGUAGE_STANDARD = "gnu++17";
				CLANG_CXX_LIBRARY = "libc++";
				CLANG_ENABLE_MODULES = YES;
				CLANG_ENABLE_OBJC_ARC = YES;
				CLANG_ENABLE_OBJC_WEAK = YES;
				CLANG_WARN_BLOCK_CAPTURE_AUTORELEASING = YES;
				CLANG_WARN_BOOL_CONVERSION = YES;
				CLANG_WARN_COMMA = YES;
				CLANG_WARN_CONSTANT_CONVERSION = YES;
				CLANG_WARN_DEPRECATED_OBJC_IMPLEMENTATIONS = YES;
				CLANG_WARN_DIRECT_OBJC_ISA_USAGE = YES_ERROR;
				CLANG_WARN_DOCUMENTATION_COMMENTS = YES;
				CLANG_WARN_EMPTY_BODY = YES;
				CLANG_WARN_ENUM_CONVERSION = YES;
				CLANG_WARN_INFINITE_RECURSION = YES;
				CLANG_WARN_INT_CONVERSION = YES;
				CLANG_WARN_NON_LITERAL_NULL_CONVERSION = YES;
				CLANG_WARN_OBJC_IMPLICIT_RETAIN_SELF = YES;
				CLANG_WARN_OBJC_LITERAL_CONVERSION = YES;
				CLANG_WARN_OBJC_ROOT_CLASS = YES_ERROR;
				CLANG_WARN_QUOTED_INCLUDE_IN_FRAMEWORK_HEADER = YES;
				CLANG_WARN_RANGE_LOOP_ANALYSIS = YES;
				CLANG_WARN_STRICT_PROTOTYPES = YES;
				CLANG_WARN_SUSPICIOUS_MOVE = YES;
				CLANG_WARN_UNGUARDED_AVAILABILITY = YES_AGGRESSIVE;
				CLANG_WARN_UNREACHABLE_CODE = YES;
				CLANG_WARN__DUPLICATE_METHOD_MATCH = YES;
				COPY_PHASE_STRIP = NO;
				DEBUG_INFORMATION_FORMAT = dwarf;
				ENABLE_STRICT_OBJC_MSGSEND = YES;
				ENABLE_TESTABILITY = YES;
				GCC_C_LANGUAGE_STANDARD = gnu11;
				GCC_DYNAMIC_NO_PIC = NO;
				GCC_NO_COMMON_BLOCKS = YES;
				GCC_OPTIMIZATION_LEVEL = 0;
				GCC_PREPROCESSOR_DEFINITIONS = (
					"DEBUG=1",
					"$(inherited)",
				);
				GCC_WARN_64_TO_32_BIT_CONVERSION = YES;
				GCC_WARN_ABOUT_RETURN_TYPE = YES_ERROR;
				GCC_WARN_UNDECLARED_SELECTOR = YES;
				GCC_WARN_UNINITIALIZED_AUTOS = YES_AGGRESSIVE;
				GCC_WARN_UNUSED_FUNCTION = YES;
				GCC_WARN_UNUSED_VARIABLE = YES;
				IPHONEOS_DEPLOYMENT_TARGET = 15.2;
				MTL_ENABLE_DEBUG_INFO = INCLUDE_SOURCE;
				MTL_FAST_MATH = YES;
				ONLY_ACTIVE_ARCH = YES;
				SDKROOT = iphoneos;
				SWIFT_ACTIVE_COMPILATION_CONDITIONS = DEBUG;
				SWIFT_OPTIMIZATION_LEVEL = "-Onone";
			};
			name = Debug;
		};
		5DBFEA0527D3A7A100A96416 /* Release */ = {
			isa = XCBuildConfiguration;
			buildSettings = {
				ALWAYS_SEARCH_USER_PATHS = NO;
				CLANG_ANALYZER_NONNULL = YES;
				CLANG_ANALYZER_NUMBER_OBJECT_CONVERSION = YES_AGGRESSIVE;
				CLANG_CXX_LANGUAGE_STANDARD = "gnu++17";
				CLANG_CXX_LIBRARY = "libc++";
				CLANG_ENABLE_MODULES = YES;
				CLANG_ENABLE_OBJC_ARC = YES;
				CLANG_ENABLE_OBJC_WEAK = YES;
				CLANG_WARN_BLOCK_CAPTURE_AUTORELEASING = YES;
				CLANG_WARN_BOOL_CONVERSION = YES;
				CLANG_WARN_COMMA = YES;
				CLANG_WARN_CONSTANT_CONVERSION = YES;
				CLANG_WARN_DEPRECATED_OBJC_IMPLEMENTATIONS = YES;
				CLANG_WARN_DIRECT_OBJC_ISA_USAGE = YES_ERROR;
				CLANG_WARN_DOCUMENTATION_COMMENTS = YES;
				CLANG_WARN_EMPTY_BODY = YES;
				CLANG_WARN_ENUM_CONVERSION = YES;
				CLANG_WARN_INFINITE_RECURSION = YES;
				CLANG_WARN_INT_CONVERSION = YES;
				CLANG_WARN_NON_LITERAL_NULL_CONVERSION = YES;
				CLANG_WARN_OBJC_IMPLICIT_RETAIN_SELF = YES;
				CLANG_WARN_OBJC_LITERAL_CONVERSION = YES;
				CLANG_WARN_OBJC_ROOT_CLASS = YES_ERROR;
				CLANG_WARN_QUOTED_INCLUDE_IN_FRAMEWORK_HEADER = YES;
				CLANG_WARN_RANGE_LOOP_ANALYSIS = YES;
				CLANG_WARN_STRICT_PROTOTYPES = YES;
				CLANG_WARN_SUSPICIOUS_MOVE = YES;
				CLANG_WARN_UNGUARDED_AVAILABILITY = YES_AGGRESSIVE;
				CLANG_WARN_UNREACHABLE_CODE = YES;
				CLANG_WARN__DUPLICATE_METHOD_MATCH = YES;
				COPY_PHASE_STRIP = NO;
				DEBUG_INFORMATION_FORMAT = "dwarf-with-dsym";
				ENABLE_NS_ASSERTIONS = NO;
				ENABLE_STRICT_OBJC_MSGSEND = YES;
				GCC_C_LANGUAGE_STANDARD = gnu11;
				GCC_NO_COMMON_BLOCKS = YES;
				GCC_WARN_64_TO_32_BIT_CONVERSION = YES;
				GCC_WARN_ABOUT_RETURN_TYPE = YES_ERROR;
				GCC_WARN_UNDECLARED_SELECTOR = YES;
				GCC_WARN_UNINITIALIZED_AUTOS = YES_AGGRESSIVE;
				GCC_WARN_UNUSED_FUNCTION = YES;
				GCC_WARN_UNUSED_VARIABLE = YES;
				IPHONEOS_DEPLOYMENT_TARGET = 15.2;
				MTL_ENABLE_DEBUG_INFO = NO;
				MTL_FAST_MATH = YES;
				SDKROOT = iphoneos;
				SWIFT_COMPILATION_MODE = wholemodule;
				SWIFT_OPTIMIZATION_LEVEL = "-O";
				VALIDATE_PRODUCT = YES;
			};
			name = Release;
		};
		5DBFEA0727D3A7A100A96416 /* Debug */ = {
			isa = XCBuildConfiguration;
			baseConfigurationReference = 0DE919C6E3D36E269F375D3E /* Pods-MyAlamofireJson.debug.xcconfig */;
			buildSettings = {
				ASSETCATALOG_COMPILER_APPICON_NAME = AppIcon;
				ASSETCATALOG_COMPILER_GLOBAL_ACCENT_COLOR_NAME = AccentColor;
				CODE_SIGN_STYLE = Automatic;
				CURRENT_PROJECT_VERSION = 1;
				GENERATE_INFOPLIST_FILE = YES;
				INFOPLIST_FILE = MyAlamofireJson/Info.plist;
				INFOPLIST_KEY_UIApplicationSupportsIndirectInputEvents = YES;
				INFOPLIST_KEY_UILaunchStoryboardName = LaunchScreen;
				INFOPLIST_KEY_UIMainStoryboardFile = Main;
				INFOPLIST_KEY_UISupportedInterfaceOrientations_iPad = "UIInterfaceOrientationPortrait UIInterfaceOrientationPortraitUpsideDown UIInterfaceOrientationLandscapeLeft UIInterfaceOrientationLandscapeRight";
				INFOPLIST_KEY_UISupportedInterfaceOrientations_iPhone = "UIInterfaceOrientationPortrait UIInterfaceOrientationLandscapeLeft UIInterfaceOrientationLandscapeRight";
				LD_RUNPATH_SEARCH_PATHS = (
					"$(inherited)",
					"@executable_path/Frameworks",
				);
				MARKETING_VERSION = 1.0;
				PRODUCT_BUNDLE_IDENTIFIER = com.study.MyAlamofireJson;
				PRODUCT_NAME = "$(TARGET_NAME)";
				SWIFT_EMIT_LOC_STRINGS = YES;
				SWIFT_VERSION = 5.0;
				TARGETED_DEVICE_FAMILY = "1,2";
			};
			name = Debug;
		};
		5DBFEA0827D3A7A100A96416 /* Release */ = {
			isa = XCBuildConfiguration;
			baseConfigurationReference = E66D8CCDC96C4563A5993DA9 /* Pods-MyAlamofireJson.release.xcconfig */;
			buildSettings = {
				ASSETCATALOG_COMPILER_APPICON_NAME = AppIcon;
				ASSETCATALOG_COMPILER_GLOBAL_ACCENT_COLOR_NAME = AccentColor;
				CODE_SIGN_STYLE = Automatic;
				CURRENT_PROJECT_VERSION = 1;
				GENERATE_INFOPLIST_FILE = YES;
				INFOPLIST_FILE = MyAlamofireJson/Info.plist;
				INFOPLIST_KEY_UIApplicationSupportsIndirectInputEvents = YES;
				INFOPLIST_KEY_UILaunchStoryboardName = LaunchScreen;
				INFOPLIST_KEY_UIMainStoryboardFile = Main;
				INFOPLIST_KEY_UISupportedInterfaceOrientations_iPad = "UIInterfaceOrientationPortrait UIInterfaceOrientationPortraitUpsideDown UIInterfaceOrientationLandscapeLeft UIInterfaceOrientationLandscapeRight";
				INFOPLIST_KEY_UISupportedInterfaceOrientations_iPhone = "UIInterfaceOrientationPortrait UIInterfaceOrientationLandscapeLeft UIInterfaceOrientationLandscapeRight";
				LD_RUNPATH_SEARCH_PATHS = (
					"$(inherited)",
					"@executable_path/Frameworks",
				);
				MARKETING_VERSION = 1.0;
				PRODUCT_BUNDLE_IDENTIFIER = com.study.MyAlamofireJson;
				PRODUCT_NAME = "$(TARGET_NAME)";
				SWIFT_EMIT_LOC_STRINGS = YES;
				SWIFT_VERSION = 5.0;
				TARGETED_DEVICE_FAMILY = "1,2";
			};
			name = Release;
		};
/* End XCBuildConfiguration section */

/* Begin XCConfigurationList section */
		5DBFE9ED27D3A79C00A96416 /* Build configuration list for PBXProject "MyAlamofireJson" */ = {
			isa = XCConfigurationList;
			buildConfigurations = (
				5DBFEA0427D3A7A100A96416 /* Debug */,
				5DBFEA0527D3A7A100A96416 /* Release */,
			);
			defaultConfigurationIsVisible = 0;
			defaultConfigurationName = Release;
		};
		5DBFEA0627D3A7A100A96416 /* Build configuration list for PBXNativeTarget "MyAlamofireJson" */ = {
			isa = XCConfigurationList;
			buildConfigurations = (
				5DBFEA0727D3A7A100A96416 /* Debug */,
				5DBFEA0827D3A7A100A96416 /* Release */,
			);
			defaultConfigurationIsVisible = 0;
			defaultConfigurationName = Release;
		};
/* End XCConfigurationList section */
	};
	rootObject = 5DBFE9EA27D3A79C00A96416 /* Project object */;
}
