// !$*UTF8*$!
{
	archiveVersion = 1;
	classes = {
	};
	objectVersion = 55;
	objects = {

/* Begin PBXBuildFile section */
		25E4DDD4F2ABA1C87EE828C4 /* Pods_11Sidemenu.framework in Frameworks */ = {isa = PBXBuildFile; fileRef = 12CD6B50B6E612C4BFA5BDB8 /* Pods_11Sidemenu.framework */; };
		5DBFEA3827D4FAE100A96416 /* AppDelegate.swift in Sources */ = {isa = PBXBuildFile; fileRef = 5DBFEA3727D4FAE100A96416 /* AppDelegate.swift */; };
		5DBFEA3A27D4FAE100A96416 /* SceneDelegate.swift in Sources */ = {isa = PBXBuildFile; fileRef = 5DBFEA3927D4FAE100A96416 /* SceneDelegate.swift */; };
		5DBFEA3C27D4FAE100A96416 /* ViewController.swift in Sources */ = {isa = PBXBuildFile; fileRef = 5DBFEA3B27D4FAE100A96416 /* ViewController.swift */; };
		5DBFEA3F27D4FAE100A96416 /* Main.storyboard in Resources */ = {isa = PBXBuildFile; fileRef = 5DBFEA3D27D4FAE100A96416 /* Main.storyboard */; };
		5DBFEA4127D4FAE400A96416 /* Assets.xcassets in Resources */ = {isa = PBXBuildFile; fileRef = 5DBFEA4027D4FAE400A96416 /* Assets.xcassets */; };
		5DBFEA4427D4FAE400A96416 /* LaunchScreen.storyboard in Resources */ = {isa = PBXBuildFile; fileRef = 5DBFEA4227D4FAE400A96416 /* LaunchScreen.storyboard */; };
		5DBFEA4C27D4FD4400A96416 /* MySideMenuNavigationController.swift in Sources */ = {isa = PBXBuildFile; fileRef = 5DBFEA4B27D4FD4400A96416 /* MySideMenuNavigationController.swift */; };
		5DBFEA4E27D4FF0A00A96416 /* SidemenuViewController.swift in Sources */ = {isa = PBXBuildFile; fileRef = 5DBFEA4D27D4FF0A00A96416 /* SidemenuViewController.swift */; };
		5DBFEA5027D5007700A96416 /* LoginViewController.swift in Sources */ = {isa = PBXBuildFile; fileRef = 5DBFEA4F27D5007700A96416 /* LoginViewController.swift */; };
		5DBFEA5227D5008700A96416 /* NoticeViewController.swift in Sources */ = {isa = PBXBuildFile; fileRef = 5DBFEA5127D5008700A96416 /* NoticeViewController.swift */; };
/* End PBXBuildFile section */

/* Begin PBXFileReference section */
		12CD6B50B6E612C4BFA5BDB8 /* Pods_11Sidemenu.framework */ = {isa = PBXFileReference; explicitFileType = wrapper.framework; includeInIndex = 0; path = Pods_11Sidemenu.framework; sourceTree = BUILT_PRODUCTS_DIR; };
		13600C0CBE835A517DF3A84C /* Pods-11Sidemenu.release.xcconfig */ = {isa = PBXFileReference; includeInIndex = 1; lastKnownFileType = text.xcconfig; name = "Pods-11Sidemenu.release.xcconfig"; path = "Target Support Files/Pods-11Sidemenu/Pods-11Sidemenu.release.xcconfig"; sourceTree = "<group>"; };
		5DBFEA3427D4FAE100A96416 /* 11Sidemenu.app */ = {isa = PBXFileReference; explicitFileType = wrapper.application; includeInIndex = 0; path = 11Sidemenu.app; sourceTree = BUILT_PRODUCTS_DIR; };
		5DBFEA3727D4FAE100A96416 /* AppDelegate.swift */ = {isa = PBXFileReference; lastKnownFileType = sourcecode.swift; path = AppDelegate.swift; sourceTree = "<group>"; };
		5DBFEA3927D4FAE100A96416 /* SceneDelegate.swift */ = {isa = PBXFileReference; lastKnownFileType = sourcecode.swift; path = SceneDelegate.swift; sourceTree = "<group>"; };
		5DBFEA3B27D4FAE100A96416 /* ViewController.swift */ = {isa = PBXFileReference; lastKnownFileType = sourcecode.swift; path = ViewController.swift; sourceTree = "<group>"; };
		5DBFEA3E27D4FAE100A96416 /* Base */ = {isa = PBXFileReference; lastKnownFileType = file.storyboard; name = Base; path = Base.lproj/Main.storyboard; sourceTree = "<group>"; };
		5DBFEA4027D4FAE400A96416 /* Assets.xcassets */ = {isa = PBXFileReference; lastKnownFileType = folder.assetcatalog; path = Assets.xcassets; sourceTree = "<group>"; };
		5DBFEA4327D4FAE400A96416 /* Base */ = {isa = PBXFileReference; lastKnownFileType = file.storyboard; name = Base; path = Base.lproj/LaunchScreen.storyboard; sourceTree = "<group>"; };
		5DBFEA4527D4FAE400A96416 /* Info.plist */ = {isa = PBXFileReference; lastKnownFileType = text.plist.xml; path = Info.plist; sourceTree = "<group>"; };
		5DBFEA4B27D4FD4400A96416 /* MySideMenuNavigationController.swift */ = {isa = PBXFileReference; lastKnownFileType = sourcecode.swift; path = MySideMenuNavigationController.swift; sourceTree = "<group>"; };
		5DBFEA4D27D4FF0A00A96416 /* SidemenuViewController.swift */ = {isa = PBXFileReference; lastKnownFileType = sourcecode.swift; path = SidemenuViewController.swift; sourceTree = "<group>"; };
		5DBFEA4F27D5007700A96416 /* LoginViewController.swift */ = {isa = PBXFileReference; lastKnownFileType = sourcecode.swift; path = LoginViewController.swift; sourceTree = "<group>"; };
		5DBFEA5127D5008700A96416 /* NoticeViewController.swift */ = {isa = PBXFileReference; lastKnownFileType = sourcecode.swift; path = NoticeViewController.swift; sourceTree = "<group>"; };
		92D19E3B53BB82D0503C121B /* Pods-11Sidemenu.debug.xcconfig */ = {isa = PBXFileReference; includeInIndex = 1; lastKnownFileType = text.xcconfig; name = "Pods-11Sidemenu.debug.xcconfig"; path = "Target Support Files/Pods-11Sidemenu/Pods-11Sidemenu.debug.xcconfig"; sourceTree = "<group>"; };
/* End PBXFileReference section */

/* Begin PBXFrameworksBuildPhase section */
		5DBFEA3127D4FAE100A96416 /* Frameworks */ = {
			isa = PBXFrameworksBuildPhase;
			buildActionMask = 2147483647;
			files = (
				25E4DDD4F2ABA1C87EE828C4 /* Pods_11Sidemenu.framework in Frameworks */,
			);
			runOnlyForDeploymentPostprocessing = 0;
		};
/* End PBXFrameworksBuildPhase section */

/* Begin PBXGroup section */
		3551AC16C031D6CD047EDBA8 /* Frameworks */ = {
			isa = PBXGroup;
			children = (
				12CD6B50B6E612C4BFA5BDB8 /* Pods_11Sidemenu.framework */,
			);
			name = Frameworks;
			sourceTree = "<group>";
		};
		5DBFEA2B27D4FAE100A96416 = {
			isa = PBXGroup;
			children = (
				5DBFEA3627D4FAE100A96416 /* 11Sidemenu */,
				5DBFEA3527D4FAE100A96416 /* Products */,
				B6BD9BC49C22B00C43111B73 /* Pods */,
				3551AC16C031D6CD047EDBA8 /* Frameworks */,
			);
			sourceTree = "<group>";
		};
		5DBFEA3527D4FAE100A96416 /* Products */ = {
			isa = PBXGroup;
			children = (
				5DBFEA3427D4FAE100A96416 /* 11Sidemenu.app */,
			);
			name = Products;
			sourceTree = "<group>";
		};
		5DBFEA3627D4FAE100A96416 /* 11Sidemenu */ = {
			isa = PBXGroup;
			children = (
				5DBFEA3727D4FAE100A96416 /* AppDelegate.swift */,
				5DBFEA3927D4FAE100A96416 /* SceneDelegate.swift */,
				5DBFEA3B27D4FAE100A96416 /* ViewController.swift */,
				5DBFEA3D27D4FAE100A96416 /* Main.storyboard */,
				5DBFEA4F27D5007700A96416 /* LoginViewController.swift */,
				5DBFEA5127D5008700A96416 /* NoticeViewController.swift */,
				5DBFEA4D27D4FF0A00A96416 /* SidemenuViewController.swift */,
				5DBFEA4B27D4FD4400A96416 /* MySideMenuNavigationController.swift */,
				5DBFEA4027D4FAE400A96416 /* Assets.xcassets */,
				5DBFEA4227D4FAE400A96416 /* LaunchScreen.storyboard */,
				5DBFEA4527D4FAE400A96416 /* Info.plist */,
			);
			path = 11Sidemenu;
			sourceTree = "<group>";
		};
		B6BD9BC49C22B00C43111B73 /* Pods */ = {
			isa = PBXGroup;
			children = (
				92D19E3B53BB82D0503C121B /* Pods-11Sidemenu.debug.xcconfig */,
				13600C0CBE835A517DF3A84C /* Pods-11Sidemenu.release.xcconfig */,
			);
			path = Pods;
			sourceTree = "<group>";
		};
/* End PBXGroup section */

/* Begin PBXNativeTarget section */
		5DBFEA3327D4FAE100A96416 /* 11Sidemenu */ = {
			isa = PBXNativeTarget;
			buildConfigurationList = 5DBFEA4827D4FAE400A96416 /* Build configuration list for PBXNativeTarget "11Sidemenu" */;
			buildPhases = (
				66FCA2C4983647264562CAA8 /* [CP] Check Pods Manifest.lock */,
				5DBFEA3027D4FAE100A96416 /* Sources */,
				5DBFEA3127D4FAE100A96416 /* Frameworks */,
				5DBFEA3227D4FAE100A96416 /* Resources */,
				76CC0371088A33C2BBE1F0F4 /* [CP] Embed Pods Frameworks */,
			);
			buildRules = (
			);
			dependencies = (
			);
			name = 11Sidemenu;
			productName = 11Sidemenu;
			productReference = 5DBFEA3427D4FAE100A96416 /* 11Sidemenu.app */;
			productType = "com.apple.product-type.application";
		};
/* End PBXNativeTarget section */

/* Begin PBXProject section */
		5DBFEA2C27D4FAE100A96416 /* Project object */ = {
			isa = PBXProject;
			attributes = {
				BuildIndependentTargetsInParallel = 1;
				LastSwiftUpdateCheck = 1320;
				LastUpgradeCheck = 1320;
				TargetAttributes = {
					5DBFEA3327D4FAE100A96416 = {
						CreatedOnToolsVersion = 13.2.1;
					};
				};
			};
			buildConfigurationList = 5DBFEA2F27D4FAE100A96416 /* Build configuration list for PBXProject "11Sidemenu" */;
			compatibilityVersion = "Xcode 13.0";
			developmentRegion = en;
			hasScannedForEncodings = 0;
			knownRegions = (
				en,
				Base,
			);
			mainGroup = 5DBFEA2B27D4FAE100A96416;
			productRefGroup = 5DBFEA3527D4FAE100A96416 /* Products */;
			projectDirPath = "";
			projectRoot = "";
			targets = (
				5DBFEA3327D4FAE100A96416 /* 11Sidemenu */,
			);
		};
/* End PBXProject section */

/* Begin PBXResourcesBuildPhase section */
		5DBFEA3227D4FAE100A96416 /* Resources */ = {
			isa = PBXResourcesBuildPhase;
			buildActionMask = 2147483647;
			files = (
				5DBFEA4427D4FAE400A96416 /* LaunchScreen.storyboard in Resources */,
				5DBFEA4127D4FAE400A96416 /* Assets.xcassets in Resources */,
				5DBFEA3F27D4FAE100A96416 /* Main.storyboard in Resources */,
			);
			runOnlyForDeploymentPostprocessing = 0;
		};
/* End PBXResourcesBuildPhase section */

/* Begin PBXShellScriptBuildPhase section */
		66FCA2C4983647264562CAA8 /* [CP] Check Pods Manifest.lock */ = {
			isa = PBXShellScriptBuildPhase;
			buildActionMask = 2147483647;
			files = (
			);
			inputFileListPaths = (
			);
			inputPaths = (
				"${PODS_PODFILE_DIR_PATH}/Podfile.lock",
				"${PODS_ROOT}/Manifest.lock",
			);
			name = "[CP] Check Pods Manifest.lock";
			outputFileListPaths = (
			);
			outputPaths = (
				"$(DERIVED_FILE_DIR)/Pods-11Sidemenu-checkManifestLockResult.txt",
			);
			runOnlyForDeploymentPostprocessing = 0;
			shellPath = /bin/sh;
			shellScript = "diff \"${PODS_PODFILE_DIR_PATH}/Podfile.lock\" \"${PODS_ROOT}/Manifest.lock\" > /dev/null\nif [ $? != 0 ] ; then\n    # print error to STDERR\n    echo \"error: The sandbox is not in sync with the Podfile.lock. Run 'pod install' or update your CocoaPods installation.\" >&2\n    exit 1\nfi\n# This output is used by Xcode 'outputs' to avoid re-running this script phase.\necho \"SUCCESS\" > \"${SCRIPT_OUTPUT_FILE_0}\"\n";
			showEnvVarsInLog = 0;
		};
		76CC0371088A33C2BBE1F0F4 /* [CP] Embed Pods Frameworks */ = {
			isa = PBXShellScriptBuildPhase;
			buildActionMask = 2147483647;
			files = (
			);
			inputFileListPaths = (
				"${PODS_ROOT}/Target Support Files/Pods-11Sidemenu/Pods-11Sidemenu-frameworks-${CONFIGURATION}-input-files.xcfilelist",
			);
			name = "[CP] Embed Pods Frameworks";
			outputFileListPaths = (
				"${PODS_ROOT}/Target Support Files/Pods-11Sidemenu/Pods-11Sidemenu-frameworks-${CONFIGURATION}-output-files.xcfilelist",
			);
			runOnlyForDeploymentPostprocessing = 0;
			shellPath = /bin/sh;
			shellScript = "\"${PODS_ROOT}/Target Support Files/Pods-11Sidemenu/Pods-11Sidemenu-frameworks.sh\"\n";
			showEnvVarsInLog = 0;
		};
/* End PBXShellScriptBuildPhase section */

/* Begin PBXSourcesBuildPhase section */
		5DBFEA3027D4FAE100A96416 /* Sources */ = {
			isa = PBXSourcesBuildPhase;
			buildActionMask = 2147483647;
			files = (
				5DBFEA5027D5007700A96416 /* LoginViewController.swift in Sources */,
				5DBFEA4E27D4FF0A00A96416 /* SidemenuViewController.swift in Sources */,
				5DBFEA3C27D4FAE100A96416 /* ViewController.swift in Sources */,
				5DBFEA5227D5008700A96416 /* NoticeViewController.swift in Sources */,
				5DBFEA3827D4FAE100A96416 /* AppDelegate.swift in Sources */,
				5DBFEA3A27D4FAE100A96416 /* SceneDelegate.swift in Sources */,
				5DBFEA4C27D4FD4400A96416 /* MySideMenuNavigationController.swift in Sources */,
			);
			runOnlyForDeploymentPostprocessing = 0;
		};
/* End PBXSourcesBuildPhase section */

/* Begin PBXVariantGroup section */
		5DBFEA3D27D4FAE100A96416 /* Main.storyboard */ = {
			isa = PBXVariantGroup;
			children = (
				5DBFEA3E27D4FAE100A96416 /* Base */,
			);
			name = Main.storyboard;
			sourceTree = "<group>";
		};
		5DBFEA4227D4FAE400A96416 /* LaunchScreen.storyboard */ = {
			isa = PBXVariantGroup;
			children = (
				5DBFEA4327D4FAE400A96416 /* Base */,
			);
			name = LaunchScreen.storyboard;
			sourceTree = "<group>";
		};
/* End PBXVariantGroup section */

/* Begin XCBuildConfiguration section */
		5DBFEA4627D4FAE400A96416 /* Debug */ = {
			isa = XCBuildConfiguration;
			buildSettings = {
				ALWAYS_SEARCH_USER_PATHS = NO;
				CLANG_ANALYZER_NONNULL = YES;
				CLANG_ANALYZER_NUMBER_OBJECT_CONVERSION = YES_AGGRESSIVE;
				CLANG_CXX_LANGUAGE_STANDARD = "gnu++17";
				CLANG_CXX_LIBRARY = "libc++";
				CLANG_ENABLE_MODULES = YES;
				CLANG_ENABLE_OBJC_ARC = YES;
				CLANG_ENABLE_OBJC_WEAK = YES;
				CLANG_WARN_BLOCK_CAPTURE_AUTORELEASING = YES;
				CLANG_WARN_BOOL_CONVERSION = YES;
				CLANG_WARN_COMMA = YES;
				CLANG_WARN_CONSTANT_CONVERSION = YES;
				CLANG_WARN_DEPRECATED_OBJC_IMPLEMENTATIONS = YES;
				CLANG_WARN_DIRECT_OBJC_ISA_USAGE = YES_ERROR;
				CLANG_WARN_DOCUMENTATION_COMMENTS = YES;
				CLANG_WARN_EMPTY_BODY = YES;
				CLANG_WARN_ENUM_CONVERSION = YES;
				CLANG_WARN_INFINITE_RECURSION = YES;
				CLANG_WARN_INT_CONVERSION = YES;
				CLANG_WARN_NON_LITERAL_NULL_CONVERSION = YES;
				CLANG_WARN_OBJC_IMPLICIT_RETAIN_SELF = YES;
				CLANG_WARN_OBJC_LITERAL_CONVERSION = YES;
				CLANG_WARN_OBJC_ROOT_CLASS = YES_ERROR;
				CLANG_WARN_QUOTED_INCLUDE_IN_FRAMEWORK_HEADER = YES;
				CLANG_WARN_RANGE_LOOP_ANALYSIS = YES;
				CLANG_WARN_STRICT_PROTOTYPES = YES;
				CLANG_WARN_SUSPICIOUS_MOVE = YES;
				CLANG_WARN_UNGUARDED_AVAILABILITY = YES_AGGRESSIVE;
				CLANG_WARN_UNREACHABLE_CODE = YES;
				CLANG_WARN__DUPLICATE_METHOD_MATCH = YES;
				COPY_PHASE_STRIP = NO;
				DEBUG_INFORMATION_FORMAT = dwarf;
				ENABLE_STRICT_OBJC_MSGSEND = YES;
				ENABLE_TESTABILITY = YES;
				GCC_C_LANGUAGE_STANDARD = gnu11;
				GCC_DYNAMIC_NO_PIC = NO;
				GCC_NO_COMMON_BLOCKS = YES;
				GCC_OPTIMIZATION_LEVEL = 0;
				GCC_PREPROCESSOR_DEFINITIONS = (
					"DEBUG=1",
					"$(inherited)",
				);
				GCC_WARN_64_TO_32_BIT_CONVERSION = YES;
				GCC_WARN_ABOUT_RETURN_TYPE = YES_ERROR;
				GCC_WARN_UNDECLARED_SELECTOR = YES;
				GCC_WARN_UNINITIALIZED_AUTOS = YES_AGGRESSIVE;
				GCC_WARN_UNUSED_FUNCTION = YES;
				GCC_WARN_UNUSED_VARIABLE = YES;
				IPHONEOS_DEPLOYMENT_TARGET = 15.2;
				MTL_ENABLE_DEBUG_INFO = INCLUDE_SOURCE;
				MTL_FAST_MATH = YES;
				ONLY_ACTIVE_ARCH = YES;
				SDKROOT = iphoneos;
				SWIFT_ACTIVE_COMPILATION_CONDITIONS = DEBUG;
				SWIFT_OPTIMIZATION_LEVEL = "-Onone";
			};
			name = Debug;
		};
		5DBFEA4727D4FAE400A96416 /* Release */ = {
			isa = XCBuildConfiguration;
			buildSettings = {
				ALWAYS_SEARCH_USER_PATHS = NO;
				CLANG_ANALYZER_NONNULL = YES;
				CLANG_ANALYZER_NUMBER_OBJECT_CONVERSION = YES_AGGRESSIVE;
				CLANG_CXX_LANGUAGE_STANDARD = "gnu++17";
				CLANG_CXX_LIBRARY = "libc++";
				CLANG_ENABLE_MODULES = YES;
				CLANG_ENABLE_OBJC_ARC = YES;
				CLANG_ENABLE_OBJC_WEAK = YES;
				CLANG_WARN_BLOCK_CAPTURE_AUTORELEASING = YES;
				CLANG_WARN_BOOL_CONVERSION = YES;
				CLANG_WARN_COMMA = YES;
				CLANG_WARN_CONSTANT_CONVERSION = YES;
				CLANG_WARN_DEPRECATED_OBJC_IMPLEMENTATIONS = YES;
				CLANG_WARN_DIRECT_OBJC_ISA_USAGE = YES_ERROR;
				CLANG_WARN_DOCUMENTATION_COMMENTS = YES;
				CLANG_WARN_EMPTY_BODY = YES;
				CLANG_WARN_ENUM_CONVERSION = YES;
				CLANG_WARN_INFINITE_RECURSION = YES;
				CLANG_WARN_INT_CONVERSION = YES;
				CLANG_WARN_NON_LITERAL_NULL_CONVERSION = YES;
				CLANG_WARN_OBJC_IMPLICIT_RETAIN_SELF = YES;
				CLANG_WARN_OBJC_LITERAL_CONVERSION = YES;
				CLANG_WARN_OBJC_ROOT_CLASS = YES_ERROR;
				CLANG_WARN_QUOTED_INCLUDE_IN_FRAMEWORK_HEADER = YES;
				CLANG_WARN_RANGE_LOOP_ANALYSIS = YES;
				CLANG_WARN_STRICT_PROTOTYPES = YES;
				CLANG_WARN_SUSPICIOUS_MOVE = YES;
				CLANG_WARN_UNGUARDED_AVAILABILITY = YES_AGGRESSIVE;
				CLANG_WARN_UNREACHABLE_CODE = YES;
				CLANG_WARN__DUPLICATE_METHOD_MATCH = YES;
				COPY_PHASE_STRIP = NO;
				DEBUG_INFORMATION_FORMAT = "dwarf-with-dsym";
				ENABLE_NS_ASSERTIONS = NO;
				ENABLE_STRICT_OBJC_MSGSEND = YES;
				GCC_C_LANGUAGE_STANDARD = gnu11;
				GCC_NO_COMMON_BLOCKS = YES;
				GCC_WARN_64_TO_32_BIT_CONVERSION = YES;
				GCC_WARN_ABOUT_RETURN_TYPE = YES_ERROR;
				GCC_WARN_UNDECLARED_SELECTOR = YES;
				GCC_WARN_UNINITIALIZED_AUTOS = YES_AGGRESSIVE;
				GCC_WARN_UNUSED_FUNCTION = YES;
				GCC_WARN_UNUSED_VARIABLE = YES;
				IPHONEOS_DEPLOYMENT_TARGET = 15.2;
				MTL_ENABLE_DEBUG_INFO = NO;
				MTL_FAST_MATH = YES;
				SDKROOT = iphoneos;
				SWIFT_COMPILATION_MODE = wholemodule;
				SWIFT_OPTIMIZATION_LEVEL = "-O";
				VALIDATE_PRODUCT = YES;
			};
			name = Release;
		};
		5DBFEA4927D4FAE400A96416 /* Debug */ = {
			isa = XCBuildConfiguration;
			baseConfigurationReference = 92D19E3B53BB82D0503C121B /* Pods-11Sidemenu.debug.xcconfig */;
			buildSettings = {
				ASSETCATALOG_COMPILER_APPICON_NAME = AppIcon;
				ASSETCATALOG_COMPILER_GLOBAL_ACCENT_COLOR_NAME = AccentColor;
				CODE_SIGN_STYLE = Automatic;
				CURRENT_PROJECT_VERSION = 1;
				GENERATE_INFOPLIST_FILE = YES;
				INFOPLIST_FILE = 11Sidemenu/Info.plist;
				INFOPLIST_KEY_UIApplicationSupportsIndirectInputEvents = YES;
				INFOPLIST_KEY_UILaunchStoryboardName = LaunchScreen;
				INFOPLIST_KEY_UIMainStoryboardFile = Main;
				INFOPLIST_KEY_UISupportedInterfaceOrientations_iPad = "UIInterfaceOrientationPortrait UIInterfaceOrientationPortraitUpsideDown UIInterfaceOrientationLandscapeLeft UIInterfaceOrientationLandscapeRight";
				INFOPLIST_KEY_UISupportedInterfaceOrientations_iPhone = "UIInterfaceOrientationPortrait UIInterfaceOrientationLandscapeLeft UIInterfaceOrientationLandscapeRight";
				LD_RUNPATH_SEARCH_PATHS = (
					"$(inherited)",
					"@executable_path/Frameworks",
				);
				MARKETING_VERSION = 1.0;
				PRODUCT_BUNDLE_IDENTIFIER = "com.study.-1Sidemenu";
				PRODUCT_NAME = "$(TARGET_NAME)";
				SWIFT_EMIT_LOC_STRINGS = YES;
				SWIFT_VERSION = 5.0;
				TARGETED_DEVICE_FAMILY = "1,2";
			};
			name = Debug;
		};
		5DBFEA4A27D4FAE400A96416 /* Release */ = {
			isa = XCBuildConfiguration;
			baseConfigurationReference = 13600C0CBE835A517DF3A84C /* Pods-11Sidemenu.release.xcconfig */;
			buildSettings = {
				ASSETCATALOG_COMPILER_APPICON_NAME = AppIcon;
				ASSETCATALOG_COMPILER_GLOBAL_ACCENT_COLOR_NAME = AccentColor;
				CODE_SIGN_STYLE = Automatic;
				CURRENT_PROJECT_VERSION = 1;
				GENERATE_INFOPLIST_FILE = YES;
				INFOPLIST_FILE = 11Sidemenu/Info.plist;
				INFOPLIST_KEY_UIApplicationSupportsIndirectInputEvents = YES;
				INFOPLIST_KEY_UILaunchStoryboardName = LaunchScreen;
				INFOPLIST_KEY_UIMainStoryboardFile = Main;
				INFOPLIST_KEY_UISupportedInterfaceOrientations_iPad = "UIInterfaceOrientationPortrait UIInterfaceOrientationPortraitUpsideDown UIInterfaceOrientationLandscapeLeft UIInterfaceOrientationLandscapeRight";
				INFOPLIST_KEY_UISupportedInterfaceOrientations_iPhone = "UIInterfaceOrientationPortrait UIInterfaceOrientationLandscapeLeft UIInterfaceOrientationLandscapeRight";
				LD_RUNPATH_SEARCH_PATHS = (
					"$(inherited)",
					"@executable_path/Frameworks",
				);
				MARKETING_VERSION = 1.0;
				PRODUCT_BUNDLE_IDENTIFIER = "com.study.-1Sidemenu";
				PRODUCT_NAME = "$(TARGET_NAME)";
				SWIFT_EMIT_LOC_STRINGS = YES;
				SWIFT_VERSION = 5.0;
				TARGETED_DEVICE_FAMILY = "1,2";
			};
			name = Release;
		};
/* End XCBuildConfiguration section */

/* Begin XCConfigurationList section */
		5DBFEA2F27D4FAE100A96416 /* Build configuration list for PBXProject "11Sidemenu" */ = {
			isa = XCConfigurationList;
			buildConfigurations = (
				5DBFEA4627D4FAE400A96416 /* Debug */,
				5DBFEA4727D4FAE400A96416 /* Release */,
			);
			defaultConfigurationIsVisible = 0;
			defaultConfigurationName = Release;
		};
		5DBFEA4827D4FAE400A96416 /* Build configuration list for PBXNativeTarget "11Sidemenu" */ = {
			isa = XCConfigurationList;
			buildConfigurations = (
				5DBFEA4927D4FAE400A96416 /* Debug */,
				5DBFEA4A27D4FAE400A96416 /* Release */,
			);
			defaultConfigurationIsVisible = 0;
			defaultConfigurationName = Release;
		};
/* End XCConfigurationList section */
	};
	rootObject = 5DBFEA2C27D4FAE100A96416 /* Project object */;
}
